// !$*UTF8*$!
{
	archiveVersion = 1;
	classes = {
	};
	objectVersion = 56;
	objects = {

/* Begin PBXBuildFile section */
		D942A1B72B7CD68900ED9936 /* CustomCell.swift in Sources */ = {isa = PBXBuildFile; fileRef = D942A1B62B7CD68900ED9936 /* CustomCell.swift */; };
		D95435C62B7B746100466231 /* AppDelegate.swift in Sources */ = {isa = PBXBuildFile; fileRef = D95435C52B7B746100466231 /* AppDelegate.swift */; };
		D95435C82B7B746100466231 /* SceneDelegate.swift in Sources */ = {isa = PBXBuildFile; fileRef = D95435C72B7B746100466231 /* SceneDelegate.swift */; };
		D95435CA2B7B746100466231 /* AddTaskViewController.swift in Sources */ = {isa = PBXBuildFile; fileRef = D95435C92B7B746100466231 /* AddTaskViewController.swift */; };
		D95435CD2B7B746100466231 /* AddTaskView.storyboard in Resources */ = {isa = PBXBuildFile; fileRef = D95435CB2B7B746100466231 /* AddTaskView.storyboard */; };
		D95435CF2B7B746300466231 /* Assets.xcassets in Resources */ = {isa = PBXBuildFile; fileRef = D95435CE2B7B746300466231 /* Assets.xcassets */; };
		D95435D22B7B746300466231 /* LaunchScreen.storyboard in Resources */ = {isa = PBXBuildFile; fileRef = D95435D02B7B746300466231 /* LaunchScreen.storyboard */; };
		D95435E92B7B7A6100466231 /* AddTaskPresenter.swift in Sources */ = {isa = PBXBuildFile; fileRef = D95435E82B7B7A6100466231 /* AddTaskPresenter.swift */; };
		D95435F32B7B7BBB00466231 /* Task.swift in Sources */ = {isa = PBXBuildFile; fileRef = D95435F22B7B7BBB00466231 /* Task.swift */; };
		D95435F52B7B7BC100466231 /* Record.swift in Sources */ = {isa = PBXBuildFile; fileRef = D95435F42B7B7BC100466231 /* Record.swift */; };
		D95435F72B7B7BC800466231 /* Fields.swift in Sources */ = {isa = PBXBuildFile; fileRef = D95435F62B7B7BC800466231 /* Fields.swift */; };
		D95435FC2B7B7F4700466231 /* DetailTaskViewController.swift in Sources */ = {isa = PBXBuildFile; fileRef = D95435FB2B7B7F4700466231 /* DetailTaskViewController.swift */; };
		D95435FE2B7B824700466231 /* DetailTaskView.storyboard in Resources */ = {isa = PBXBuildFile; fileRef = D95435FD2B7B824700466231 /* DetailTaskView.storyboard */; };
		D95436052B7B82DF00466231 /* TaskListView.storyboard in Resources */ = {isa = PBXBuildFile; fileRef = D95436042B7B82DF00466231 /* TaskListView.storyboard */; };
		D95436072B7B843500466231 /* TaskListViewController.swift in Sources */ = {isa = PBXBuildFile; fileRef = D95436062B7B843500466231 /* TaskListViewController.swift */; };
/* End PBXBuildFile section */

/* Begin PBXFileReference section */
		D942A1B62B7CD68900ED9936 /* CustomCell.swift */ = {isa = PBXFileReference; lastKnownFileType = sourcecode.swift; path = CustomCell.swift; sourceTree = "<group>"; };
		D95435C22B7B746100466231 /* ToDo-UIKit.app */ = {isa = PBXFileReference; explicitFileType = wrapper.application; includeInIndex = 0; path = "ToDo-UIKit.app"; sourceTree = BUILT_PRODUCTS_DIR; };
		D95435C52B7B746100466231 /* AppDelegate.swift */ = {isa = PBXFileReference; lastKnownFileType = sourcecode.swift; path = AppDelegate.swift; sourceTree = "<group>"; };
		D95435C72B7B746100466231 /* SceneDelegate.swift */ = {isa = PBXFileReference; lastKnownFileType = sourcecode.swift; path = SceneDelegate.swift; sourceTree = "<group>"; };
		D95435C92B7B746100466231 /* AddTaskViewController.swift */ = {isa = PBXFileReference; lastKnownFileType = sourcecode.swift; path = AddTaskViewController.swift; sourceTree = "<group>"; };
		D95435CC2B7B746100466231 /* Base */ = {isa = PBXFileReference; lastKnownFileType = file.storyboard; name = Base; path = Base.lproj/AddTaskView.storyboard; sourceTree = "<group>"; };
		D95435CE2B7B746300466231 /* Assets.xcassets */ = {isa = PBXFileReference; lastKnownFileType = folder.assetcatalog; path = Assets.xcassets; sourceTree = "<group>"; };
		D95435D12B7B746300466231 /* Base */ = {isa = PBXFileReference; lastKnownFileType = file.storyboard; name = Base; path = Base.lproj/LaunchScreen.storyboard; sourceTree = "<group>"; };
		D95435D32B7B746300466231 /* Info.plist */ = {isa = PBXFileReference; lastKnownFileType = text.plist.xml; path = Info.plist; sourceTree = "<group>"; };
		D95435E82B7B7A6100466231 /* AddTaskPresenter.swift */ = {isa = PBXFileReference; lastKnownFileType = sourcecode.swift; path = AddTaskPresenter.swift; sourceTree = "<group>"; };
		D95435F22B7B7BBB00466231 /* Task.swift */ = {isa = PBXFileReference; lastKnownFileType = sourcecode.swift; path = Task.swift; sourceTree = "<group>"; };
		D95435F42B7B7BC100466231 /* Record.swift */ = {isa = PBXFileReference; lastKnownFileType = sourcecode.swift; path = Record.swift; sourceTree = "<group>"; };
		D95435F62B7B7BC800466231 /* Fields.swift */ = {isa = PBXFileReference; lastKnownFileType = sourcecode.swift; path = Fields.swift; sourceTree = "<group>"; };
		D95435FB2B7B7F4700466231 /* DetailTaskViewController.swift */ = {isa = PBXFileReference; lastKnownFileType = sourcecode.swift; path = DetailTaskViewController.swift; sourceTree = "<group>"; };
		D95435FD2B7B824700466231 /* DetailTaskView.storyboard */ = {isa = PBXFileReference; lastKnownFileType = file.storyboard; path = DetailTaskView.storyboard; sourceTree = "<group>"; };
		D95436042B7B82DF00466231 /* TaskListView.storyboard */ = {isa = PBXFileReference; lastKnownFileType = file.storyboard; path = TaskListView.storyboard; sourceTree = "<group>"; };
		D95436062B7B843500466231 /* TaskListViewController.swift */ = {isa = PBXFileReference; lastKnownFileType = sourcecode.swift; path = TaskListViewController.swift; sourceTree = "<group>"; };
/* End PBXFileReference section */

/* Begin PBXFrameworksBuildPhase section */
		D95435BF2B7B746100466231 /* Frameworks */ = {
			isa = PBXFrameworksBuildPhase;
			buildActionMask = 2147483647;
			files = (
			);
			runOnlyForDeploymentPostprocessing = 0;
		};
/* End PBXFrameworksBuildPhase section */

/* Begin PBXGroup section */
		D942A1B52B7CD67800ED9936 /* CustomCell */ = {
			isa = PBXGroup;
			children = (
				D942A1B62B7CD68900ED9936 /* CustomCell.swift */,
			);
			path = CustomCell;
			sourceTree = "<group>";
		};
		D95435B92B7B746100466231 = {
			isa = PBXGroup;
			children = (
				D95435C42B7B746100466231 /* ToDo-UIKit */,
				D95435C32B7B746100466231 /* Products */,
			);
			sourceTree = "<group>";
		};
		D95435C32B7B746100466231 /* Products */ = {
			isa = PBXGroup;
			children = (
				D95435C22B7B746100466231 /* ToDo-UIKit.app */,
			);
			name = Products;
			sourceTree = "<group>";
		};
		D95435C42B7B746100466231 /* ToDo-UIKit */ = {
			isa = PBXGroup;
			children = (
				D95436012B7B82B700466231 /* Model */,
				D95436002B7B82B000466231 /* View */,
				D95436022B7B82BA00466231 /* Presenter */,
				D95435C52B7B746100466231 /* AppDelegate.swift */,
				D95435C72B7B746100466231 /* SceneDelegate.swift */,
				D95435CE2B7B746300466231 /* Assets.xcassets */,
				D95435D02B7B746300466231 /* LaunchScreen.storyboard */,
				D95435D32B7B746300466231 /* Info.plist */,
			);
			path = "ToDo-UIKit";
			sourceTree = "<group>";
		};
		D95435D92B7B748000466231 /* AddTask */ = {
			isa = PBXGroup;
			children = (
				D95435E72B7B7A4E00466231 /* ViewController */,
				D95435CB2B7B746100466231 /* AddTaskView.storyboard */,
			);
			path = AddTask;
			sourceTree = "<group>";
		};
		D95435E72B7B7A4E00466231 /* ViewController */ = {
			isa = PBXGroup;
			children = (
				D95435C92B7B746100466231 /* AddTaskViewController.swift */,
			);
			path = ViewController;
			sourceTree = "<group>";
		};
		D95435ED2B7B7B7600466231 /* DetailTask */ = {
			isa = PBXGroup;
			children = (
				D95435F82B7B7C3200466231 /* ViewController */,
				D95435FD2B7B824700466231 /* DetailTaskView.storyboard */,
			);
			path = DetailTask;
			sourceTree = "<group>";
		};
		D95435F82B7B7C3200466231 /* ViewController */ = {
			isa = PBXGroup;
			children = (
				D95435FB2B7B7F4700466231 /* DetailTaskViewController.swift */,
			);
			path = ViewController;
			sourceTree = "<group>";
		};
		D95435FF2B7B829C00466231 /* TaskList */ = {
			isa = PBXGroup;
			children = (
				D942A1B52B7CD67800ED9936 /* CustomCell */,
				D95436032B7B82D000466231 /* ViewController */,
				D95436042B7B82DF00466231 /* TaskListView.storyboard */,
			);
			path = TaskList;
			sourceTree = "<group>";
		};
		D95436002B7B82B000466231 /* View */ = {
			isa = PBXGroup;
			children = (
				D95435FF2B7B829C00466231 /* TaskList */,
				D95435ED2B7B7B7600466231 /* DetailTask */,
				D95435D92B7B748000466231 /* AddTask */,
			);
			path = View;
			sourceTree = "<group>";
		};
		D95436012B7B82B700466231 /* Model */ = {
			isa = PBXGroup;
			children = (
				D95435F22B7B7BBB00466231 /* Task.swift */,
				D95435F42B7B7BC100466231 /* Record.swift */,
				D95435F62B7B7BC800466231 /* Fields.swift */,
			);
			path = Model;
			sourceTree = "<group>";
		};
		D95436022B7B82BA00466231 /* Presenter */ = {
			isa = PBXGroup;
			children = (
				D95435E82B7B7A6100466231 /* AddTaskPresenter.swift */,
			);
			path = Presenter;
			sourceTree = "<group>";
		};
		D95436032B7B82D000466231 /* ViewController */ = {
			isa = PBXGroup;
			children = (
				D95436062B7B843500466231 /* TaskListViewController.swift */,
			);
			path = ViewController;
			sourceTree = "<group>";
		};
/* End PBXGroup section */

/* Begin PBXNativeTarget section */
		D95435C12B7B746100466231 /* ToDo-UIKit */ = {
			isa = PBXNativeTarget;
			buildConfigurationList = D95435D62B7B746300466231 /* Build configuration list for PBXNativeTarget "ToDo-UIKit" */;
			buildPhases = (
				D95435BE2B7B746100466231 /* Sources */,
				D95435BF2B7B746100466231 /* Frameworks */,
				D95435C02B7B746100466231 /* Resources */,
			);
			buildRules = (
			);
			dependencies = (
			);
			name = "ToDo-UIKit";
			productName = "ToDo-UIKit";
			productReference = D95435C22B7B746100466231 /* ToDo-UIKit.app */;
			productType = "com.apple.product-type.application";
		};
/* End PBXNativeTarget section */

/* Begin PBXProject section */
		D95435BA2B7B746100466231 /* Project object */ = {
			isa = PBXProject;
			attributes = {
				BuildIndependentTargetsInParallel = 1;
				LastSwiftUpdateCheck = 1520;
				LastUpgradeCheck = 1520;
				TargetAttributes = {
					D95435C12B7B746100466231 = {
						CreatedOnToolsVersion = 15.2;
					};
				};
			};
			buildConfigurationList = D95435BD2B7B746100466231 /* Build configuration list for PBXProject "ToDo-UIKit" */;
			compatibilityVersion = "Xcode 14.0";
			developmentRegion = en;
			hasScannedForEncodings = 0;
			knownRegions = (
				en,
				Base,
			);
			mainGroup = D95435B92B7B746100466231;
			productRefGroup = D95435C32B7B746100466231 /* Products */;
			projectDirPath = "";
			projectRoot = "";
			targets = (
				D95435C12B7B746100466231 /* ToDo-UIKit */,
			);
		};
/* End PBXProject section */

/* Begin PBXResourcesBuildPhase section */
		D95435C02B7B746100466231 /* Resources */ = {
			isa = PBXResourcesBuildPhase;
			buildActionMask = 2147483647;
			files = (
				D95435D22B7B746300466231 /* LaunchScreen.storyboard in Resources */,
				D95435FE2B7B824700466231 /* DetailTaskView.storyboard in Resources */,
				D95435CF2B7B746300466231 /* Assets.xcassets in Resources */,
				D95436052B7B82DF00466231 /* TaskListView.storyboard in Resources */,
				D95435CD2B7B746100466231 /* AddTaskView.storyboard in Resources */,
			);
			runOnlyForDeploymentPostprocessing = 0;
		};
/* End PBXResourcesBuildPhase section */

/* Begin PBXSourcesBuildPhase section */
		D95435BE2B7B746100466231 /* Sources */ = {
			isa = PBXSourcesBuildPhase;
			buildActionMask = 2147483647;
			files = (
				D95435CA2B7B746100466231 /* AddTaskViewController.swift in Sources */,
				D95435C62B7B746100466231 /* AppDelegate.swift in Sources */,
				D942A1B72B7CD68900ED9936 /* CustomCell.swift in Sources */,
				D95435E92B7B7A6100466231 /* AddTaskPresenter.swift in Sources */,
				D95435F52B7B7BC100466231 /* Record.swift in Sources */,
				D95435F32B7B7BBB00466231 /* Task.swift in Sources */,
				D95436072B7B843500466231 /* TaskListViewController.swift in Sources */,
				D95435F72B7B7BC800466231 /* Fields.swift in Sources */,
				D95435C82B7B746100466231 /* SceneDelegate.swift in Sources */,
				D95435FC2B7B7F4700466231 /* DetailTaskViewController.swift in Sources */,
			);
			runOnlyForDeploymentPostprocessing = 0;
		};
/* End PBXSourcesBuildPhase section */

/* Begin PBXVariantGroup section */
		D95435CB2B7B746100466231 /* AddTaskView.storyboard */ = {
			isa = PBXVariantGroup;
			children = (
				D95435CC2B7B746100466231 /* Base */,
			);
			name = AddTaskView.storyboard;
			sourceTree = "<group>";
		};
		D95435D02B7B746300466231 /* LaunchScreen.storyboard */ = {
			isa = PBXVariantGroup;
			children = (
				D95435D12B7B746300466231 /* Base */,
			);
			name = LaunchScreen.storyboard;
			sourceTree = "<group>";
		};
/* End PBXVariantGroup section */

/* Begin XCBuildConfiguration section */
		D95435D42B7B746300466231 /* Debug */ = {
			isa = XCBuildConfiguration;
			buildSettings = {
				ALWAYS_SEARCH_USER_PATHS = NO;
				ASSETCATALOG_COMPILER_GENERATE_SWIFT_ASSET_SYMBOL_EXTENSIONS = YES;
				CLANG_ANALYZER_NONNULL = YES;
				CLANG_ANALYZER_NUMBER_OBJECT_CONVERSION = YES_AGGRESSIVE;
				CLANG_CXX_LANGUAGE_STANDARD = "gnu++20";
				CLANG_ENABLE_MODULES = YES;
				CLANG_ENABLE_OBJC_ARC = YES;
				CLANG_ENABLE_OBJC_WEAK = YES;
				CLANG_WARN_BLOCK_CAPTURE_AUTORELEASING = YES;
				CLANG_WARN_BOOL_CONVERSION = YES;
				CLANG_WARN_COMMA = YES;
				CLANG_WARN_CONSTANT_CONVERSION = YES;
				CLANG_WARN_DEPRECATED_OBJC_IMPLEMENTATIONS = YES;
				CLANG_WARN_DIRECT_OBJC_ISA_USAGE = YES_ERROR;
				CLANG_WARN_DOCUMENTATION_COMMENTS = YES;
				CLANG_WARN_EMPTY_BODY = YES;
				CLANG_WARN_ENUM_CONVERSION = YES;
				CLANG_WARN_INFINITE_RECURSION = YES;
				CLANG_WARN_INT_CONVERSION = YES;
				CLANG_WARN_NON_LITERAL_NULL_CONVERSION = YES;
				CLANG_WARN_OBJC_IMPLICIT_RETAIN_SELF = YES;
				CLANG_WARN_OBJC_LITERAL_CONVERSION = YES;
				CLANG_WARN_OBJC_ROOT_CLASS = YES_ERROR;
				CLANG_WARN_QUOTED_INCLUDE_IN_FRAMEWORK_HEADER = YES;
				CLANG_WARN_RANGE_LOOP_ANALYSIS = YES;
				CLANG_WARN_STRICT_PROTOTYPES = YES;
				CLANG_WARN_SUSPICIOUS_MOVE = YES;
				CLANG_WARN_UNGUARDED_AVAILABILITY = YES_AGGRESSIVE;
				CLANG_WARN_UNREACHABLE_CODE = YES;
				CLANG_WARN__DUPLICATE_METHOD_MATCH = YES;
				COPY_PHASE_STRIP = NO;
				DEBUG_INFORMATION_FORMAT = dwarf;
				ENABLE_STRICT_OBJC_MSGSEND = YES;
				ENABLE_TESTABILITY = YES;
				ENABLE_USER_SCRIPT_SANDBOXING = YES;
				GCC_C_LANGUAGE_STANDARD = gnu17;
				GCC_DYNAMIC_NO_PIC = NO;
				GCC_NO_COMMON_BLOCKS = YES;
				GCC_OPTIMIZATION_LEVEL = 0;
				GCC_PREPROCESSOR_DEFINITIONS = (
					"DEBUG=1",
					"$(inherited)",
				);
				GCC_WARN_64_TO_32_BIT_CONVERSION = YES;
				GCC_WARN_ABOUT_RETURN_TYPE = YES_ERROR;
				GCC_WARN_UNDECLARED_SELECTOR = YES;
				GCC_WARN_UNINITIALIZED_AUTOS = YES_AGGRESSIVE;
				GCC_WARN_UNUSED_FUNCTION = YES;
				GCC_WARN_UNUSED_VARIABLE = YES;
				IPHONEOS_DEPLOYMENT_TARGET = 17.2;
				LOCALIZATION_PREFERS_STRING_CATALOGS = YES;
				MTL_ENABLE_DEBUG_INFO = INCLUDE_SOURCE;
				MTL_FAST_MATH = YES;
				ONLY_ACTIVE_ARCH = YES;
				SDKROOT = iphoneos;
				SWIFT_ACTIVE_COMPILATION_CONDITIONS = "DEBUG $(inherited)";
				SWIFT_OPTIMIZATION_LEVEL = "-Onone";
			};
			name = Debug;
		};
		D95435D52B7B746300466231 /* Release */ = {
			isa = XCBuildConfiguration;
			buildSettings = {
				ALWAYS_SEARCH_USER_PATHS = NO;
				ASSETCATALOG_COMPILER_GENERATE_SWIFT_ASSET_SYMBOL_EXTENSIONS = YES;
				CLANG_ANALYZER_NONNULL = YES;
				CLANG_ANALYZER_NUMBER_OBJECT_CONVERSION = YES_AGGRESSIVE;
				CLANG_CXX_LANGUAGE_STANDARD = "gnu++20";
				CLANG_ENABLE_MODULES = YES;
				CLANG_ENABLE_OBJC_ARC = YES;
				CLANG_ENABLE_OBJC_WEAK = YES;
				CLANG_WARN_BLOCK_CAPTURE_AUTORELEASING = YES;
				CLANG_WARN_BOOL_CONVERSION = YES;
				CLANG_WARN_COMMA = YES;
				CLANG_WARN_CONSTANT_CONVERSION = YES;
				CLANG_WARN_DEPRECATED_OBJC_IMPLEMENTATIONS = YES;
				CLANG_WARN_DIRECT_OBJC_ISA_USAGE = YES_ERROR;
				CLANG_WARN_DOCUMENTATION_COMMENTS = YES;
				CLANG_WARN_EMPTY_BODY = YES;
				CLANG_WARN_ENUM_CONVERSION = YES;
				CLANG_WARN_INFINITE_RECURSION = YES;
				CLANG_WARN_INT_CONVERSION = YES;
				CLANG_WARN_NON_LITERAL_NULL_CONVERSION = YES;
				CLANG_WARN_OBJC_IMPLICIT_RETAIN_SELF = YES;
				CLANG_WARN_OBJC_LITERAL_CONVERSION = YES;
				CLANG_WARN_OBJC_ROOT_CLASS = YES_ERROR;
				CLANG_WARN_QUOTED_INCLUDE_IN_FRAMEWORK_HEADER = YES;
				CLANG_WARN_RANGE_LOOP_ANALYSIS = YES;
				CLANG_WARN_STRICT_PROTOTYPES = YES;
				CLANG_WARN_SUSPICIOUS_MOVE = YES;
				CLANG_WARN_UNGUARDED_AVAILABILITY = YES_AGGRESSIVE;
				CLANG_WARN_UNREACHABLE_CODE = YES;
				CLANG_WARN__DUPLICATE_METHOD_MATCH = YES;
				COPY_PHASE_STRIP = NO;
				DEBUG_INFORMATION_FORMAT = "dwarf-with-dsym";
				ENABLE_NS_ASSERTIONS = NO;
				ENABLE_STRICT_OBJC_MSGSEND = YES;
				ENABLE_USER_SCRIPT_SANDBOXING = YES;
				GCC_C_LANGUAGE_STANDARD = gnu17;
				GCC_NO_COMMON_BLOCKS = YES;
				GCC_WARN_64_TO_32_BIT_CONVERSION = YES;
				GCC_WARN_ABOUT_RETURN_TYPE = YES_ERROR;
				GCC_WARN_UNDECLARED_SELECTOR = YES;
				GCC_WARN_UNINITIALIZED_AUTOS = YES_AGGRESSIVE;
				GCC_WARN_UNUSED_FUNCTION = YES;
				GCC_WARN_UNUSED_VARIABLE = YES;
				IPHONEOS_DEPLOYMENT_TARGET = 17.2;
				LOCALIZATION_PREFERS_STRING_CATALOGS = YES;
				MTL_ENABLE_DEBUG_INFO = NO;
				MTL_FAST_MATH = YES;
				SDKROOT = iphoneos;
				SWIFT_COMPILATION_MODE = wholemodule;
				VALIDATE_PRODUCT = YES;
			};
			name = Release;
		};
		D95435D72B7B746300466231 /* Debug */ = {
			isa = XCBuildConfiguration;
			buildSettings = {
				ASSETCATALOG_COMPILER_APPICON_NAME = AppIcon;
				ASSETCATALOG_COMPILER_GLOBAL_ACCENT_COLOR_NAME = AccentColor;
				CODE_SIGN_STYLE = Automatic;
				CURRENT_PROJECT_VERSION = 1;
				DEVELOPMENT_TEAM = MG8DTPV84D;
				GENERATE_INFOPLIST_FILE = YES;
				INFOPLIST_FILE = "ToDo-UIKit/Info.plist";
				INFOPLIST_KEY_UIApplicationSupportsIndirectInputEvents = YES;
				INFOPLIST_KEY_UILaunchStoryboardName = LaunchScreen;
				INFOPLIST_KEY_UIMainStoryboardFile = TaskListView;
				INFOPLIST_KEY_UISupportedInterfaceOrientations_iPad = "UIInterfaceOrientationPortrait UIInterfaceOrientationPortraitUpsideDown UIInterfaceOrientationLandscapeLeft UIInterfaceOrientationLandscapeRight";
				INFOPLIST_KEY_UISupportedInterfaceOrientations_iPhone = "UIInterfaceOrientationPortrait UIInterfaceOrientationLandscapeLeft UIInterfaceOrientationLandscapeRight";
				LD_RUNPATH_SEARCH_PATHS = (
					"$(inherited)",
					"@executable_path/Frameworks",
				);
				MARKETING_VERSION = 1.0;
				PRODUCT_BUNDLE_IDENTIFIER = "com.ThibaultGodefroy.ToDo-UIKit";
				PRODUCT_NAME = "$(TARGET_NAME)";
				SWIFT_EMIT_LOC_STRINGS = YES;
				SWIFT_VERSION = 5.0;
				TARGETED_DEVICE_FAMILY = "1,2";
			};
			name = Debug;
		};
		D95435D82B7B746300466231 /* Release */ = {
			isa = XCBuildConfiguration;
			buildSettings = {
				ASSETCATALOG_COMPILER_APPICON_NAME = AppIcon;
				ASSETCATALOG_COMPILER_GLOBAL_ACCENT_COLOR_NAME = AccentColor;
				CODE_SIGN_STYLE = Automatic;
				CURRENT_PROJECT_VERSION = 1;
				DEVELOPMENT_TEAM = MG8DTPV84D;
				GENERATE_INFOPLIST_FILE = YES;
				INFOPLIST_FILE = "ToDo-UIKit/Info.plist";
				INFOPLIST_KEY_UIApplicationSupportsIndirectInputEvents = YES;
				INFOPLIST_KEY_UILaunchStoryboardName = LaunchScreen;
				INFOPLIST_KEY_UIMainStoryboardFile = TaskListView;
				INFOPLIST_KEY_UISupportedInterfaceOrientations_iPad = "UIInterfaceOrientationPortrait UIInterfaceOrientationPortraitUpsideDown UIInterfaceOrientationLandscapeLeft UIInterfaceOrientationLandscapeRight";
				INFOPLIST_KEY_UISupportedInterfaceOrientations_iPhone = "UIInterfaceOrientationPortrait UIInterfaceOrientationLandscapeLeft UIInterfaceOrientationLandscapeRight";
				LD_RUNPATH_SEARCH_PATHS = (
					"$(inherited)",
					"@executable_path/Frameworks",
				);
				MARKETING_VERSION = 1.0;
				PRODUCT_BUNDLE_IDENTIFIER = "com.ThibaultGodefroy.ToDo-UIKit";
				PRODUCT_NAME = "$(TARGET_NAME)";
				SWIFT_EMIT_LOC_STRINGS = YES;
				SWIFT_VERSION = 5.0;
				TARGETED_DEVICE_FAMILY = "1,2";
			};
			name = Release;
		};
/* End XCBuildConfiguration section */

/* Begin XCConfigurationList section */
		D95435BD2B7B746100466231 /* Build configuration list for PBXProject "ToDo-UIKit" */ = {
			isa = XCConfigurationList;
			buildConfigurations = (
				D95435D42B7B746300466231 /* Debug */,
				D95435D52B7B746300466231 /* Release */,
			);
			defaultConfigurationIsVisible = 0;
			defaultConfigurationName = Release;
		};
		D95435D62B7B746300466231 /* Build configuration list for PBXNativeTarget "ToDo-UIKit" */ = {
			isa = XCConfigurationList;
			buildConfigurations = (
				D95435D72B7B746300466231 /* Debug */,
				D95435D82B7B746300466231 /* Release */,
			);
			defaultConfigurationIsVisible = 0;
			defaultConfigurationName = Release;
		};
/* End XCConfigurationList section */
	};
	rootObject = D95435BA2B7B746100466231 /* Project object */;
}
